
Microsoft Visual Studio Solution File, Format Version 12.00
# Visual Studio Version 17
VisualStudioVersion = 17.2.32519.379
MinimumVisualStudioVersion = 10.0.40219.1
Project("{888888A0-9F3D-457C-B088-3A5042F75D52}") = "CreateConfigDb", "CreateConfigDb.pyproj", "{E0A1D5CE-B9F6-4642-9EF3-C7B0ECB529E5}"
EndProject
Global
	GlobalSection(SolutionConfigurationPlatforms) = preSolution
		Debug|Any CPU = Debug|Any CPU
		Release|Any CPU = Release|Any CPU
	EndGlobalSection
	GlobalSection(ProjectConfigurationPlatforms) = postSolution
		{E0A1D5CE-B9F6-4642-9EF3-C7B0ECB529E5}.Debug|Any CPU.ActiveCfg = Debug|Any CPU
		{E0A1D5CE-B9F6-4642-9EF3-C7B0ECB529E5}.Release|Any CPU.ActiveCfg = Release|Any CPU
	EndGlobalSection
	GlobalSection(SolutionProperties) = preSolution
		HideSolutionNode = FALSE
	EndGlobalSection
	GlobalSection(ExtensibilityGlobals) = postSolution
		SolutionGuid = {49354590-5842-4676-97BF-D8FED6D8A12B}
	EndGlobalSection
EndGlobal
